// !$*UTF8*$!
{
	archiveVersion = 1;
	classes = {
	};
	objectVersion = 46;
	objects = {

/* Begin PBXBuildFile section */
		D5AFEAE91D9164F900A39B62 /* AppDelegate.swift in Sources */ = {isa = PBXBuildFile; fileRef = D5AFEAE81D9164F900A39B62 /* AppDelegate.swift */; };
		D5AFEAEB1D9164F900A39B62 /* ViewController.swift in Sources */ = {isa = PBXBuildFile; fileRef = D5AFEAEA1D9164F900A39B62 /* ViewController.swift */; };
		D5AFEAEE1D9164F900A39B62 /* Main.storyboard in Resources */ = {isa = PBXBuildFile; fileRef = D5AFEAEC1D9164F900A39B62 /* Main.storyboard */; };
		D5AFEAF01D9164F900A39B62 /* Assets.xcassets in Resources */ = {isa = PBXBuildFile; fileRef = D5AFEAEF1D9164F900A39B62 /* Assets.xcassets */; };
		D5AFEAF31D9164F900A39B62 /* LaunchScreen.storyboard in Resources */ = {isa = PBXBuildFile; fileRef = D5AFEAF11D9164F900A39B62 /* LaunchScreen.storyboard */; };
		D5AFEAFB1D916C0500A39B62 /* pokemon.csv in Resources */ = {isa = PBXBuildFile; fileRef = D5AFEAFA1D916C0500A39B62 /* pokemon.csv */; };
/* End PBXBuildFile section */

/* Begin PBXFileReference section */
		D5AFEAE51D9164F900A39B62 /* pokedex.app */ = {isa = PBXFileReference; explicitFileType = wrapper.application; includeInIndex = 0; path = pokedex.app; sourceTree = BUILT_PRODUCTS_DIR; };
		D5AFEAE81D9164F900A39B62 /* AppDelegate.swift */ = {isa = PBXFileReference; lastKnownFileType = sourcecode.swift; path = AppDelegate.swift; sourceTree = "<group>"; };
		D5AFEAEA1D9164F900A39B62 /* ViewController.swift */ = {isa = PBXFileReference; lastKnownFileType = sourcecode.swift; path = ViewController.swift; sourceTree = "<group>"; };
		D5AFEAED1D9164F900A39B62 /* Base */ = {isa = PBXFileReference; lastKnownFileType = file.storyboard; name = Base; path = Base.lproj/Main.storyboard; sourceTree = "<group>"; };
		D5AFEAEF1D9164F900A39B62 /* Assets.xcassets */ = {isa = PBXFileReference; lastKnownFileType = folder.assetcatalog; path = Assets.xcassets; sourceTree = "<group>"; };
		D5AFEAF21D9164F900A39B62 /* Base */ = {isa = PBXFileReference; lastKnownFileType = file.storyboard; name = Base; path = Base.lproj/LaunchScreen.storyboard; sourceTree = "<group>"; };
		D5AFEAF41D9164F900A39B62 /* Info.plist */ = {isa = PBXFileReference; lastKnownFileType = text.plist.xml; path = Info.plist; sourceTree = "<group>"; };
		D5AFEAFA1D916C0500A39B62 /* pokemon.csv */ = {isa = PBXFileReference; fileEncoding = 4; lastKnownFileType = text; path = pokemon.csv; sourceTree = "<group>"; };
/* End PBXFileReference section */

/* Begin PBXFrameworksBuildPhase section */
		D5AFEAE21D9164F900A39B62 /* Frameworks */ = {
			isa = PBXFrameworksBuildPhase;
			buildActionMask = 2147483647;
			files = (
			);
			runOnlyForDeploymentPostprocessing = 0;
		};
/* End PBXFrameworksBuildPhase section */

/* Begin PBXGroup section */
		D5AFEADC1D9164F900A39B62 = {
			isa = PBXGroup;
			children = (
				D5AFEAE71D9164F900A39B62 /* pokedex */,
				D5AFEAE61D9164F900A39B62 /* Products */,
			);
			sourceTree = "<group>";
		};
		D5AFEAE61D9164F900A39B62 /* Products */ = {
			isa = PBXGroup;
			children = (
				D5AFEAE51D9164F900A39B62 /* pokedex.app */,
			);
			name = Products;
			sourceTree = "<group>";
		};
		D5AFEAE71D9164F900A39B62 /* pokedex */ = {
			isa = PBXGroup;
			children = (
				D5AFEAE81D9164F900A39B62 /* AppDelegate.swift */,
				D5AFEAFA1D916C0500A39B62 /* pokemon.csv */,
				D5AFEAEA1D9164F900A39B62 /* ViewController.swift */,
				D5AFEAEC1D9164F900A39B62 /* Main.storyboard */,
				D5AFEAEF1D9164F900A39B62 /* Assets.xcassets */,
				D5AFEAF11D9164F900A39B62 /* LaunchScreen.storyboard */,
				D5AFEAF41D9164F900A39B62 /* Info.plist */,
			);
			path = pokedex;
			sourceTree = "<group>";
		};
/* End PBXGroup section */

/* Begin PBXNativeTarget section */
		D5AFEAE41D9164F900A39B62 /* pokedex */ = {
			isa = PBXNativeTarget;
			buildConfigurationList = D5AFEAF71D9164F900A39B62 /* Build configuration list for PBXNativeTarget "pokedex" */;
			buildPhases = (
				D5AFEAE11D9164F900A39B62 /* Sources */,
				D5AFEAE21D9164F900A39B62 /* Frameworks */,
				D5AFEAE31D9164F900A39B62 /* Resources */,
			);
			buildRules = (
			);
			dependencies = (
			);
			name = pokedex;
			productName = pokedex;
			productReference = D5AFEAE51D9164F900A39B62 /* pokedex.app */;
			productType = "com.apple.product-type.application";
		};
/* End PBXNativeTarget section */

/* Begin PBXProject section */
		D5AFEADD1D9164F900A39B62 /* Project object */ = {
			isa = PBXProject;
			attributes = {
				LastSwiftUpdateCheck = 0730;
				LastUpgradeCheck = 0730;
				ORGANIZATIONNAME = SergiuApps;
				TargetAttributes = {
					D5AFEAE41D9164F900A39B62 = {
						CreatedOnToolsVersion = 7.3.1;
						DevelopmentTeam = F7DCB6UXEH;
					};
				};
			};
			buildConfigurationList = D5AFEAE01D9164F900A39B62 /* Build configuration list for PBXProject "pokedex" */;
			compatibilityVersion = "Xcode 3.2";
			developmentRegion = English;
			hasScannedForEncodings = 0;
			knownRegions = (
				en,
				Base,
			);
			mainGroup = D5AFEADC1D9164F900A39B62;
			productRefGroup = D5AFEAE61D9164F900A39B62 /* Products */;
			projectDirPath = "";
			projectRoot = "";
			targets = (
				D5AFEAE41D9164F900A39B62 /* pokedex */,
			);
		};
/* End PBXProject section */

/* Begin PBXResourcesBuildPhase section */
		D5AFEAE31D9164F900A39B62 /* Resources */ = {
			isa = PBXResourcesBuildPhase;
			buildActionMask = 2147483647;
			files = (
				D5AFEAF31D9164F900A39B62 /* LaunchScreen.storyboard in Resources */,
				D5AFEAF01D9164F900A39B62 /* Assets.xcassets in Resources */,
				D5AFEAFB1D916C0500A39B62 /* pokemon.csv in Resources */,
				D5AFEAEE1D9164F900A39B62 /* Main.storyboard in Resources */,
			);
			runOnlyForDeploymentPostprocessing = 0;
		};
/* End PBXResourcesBuildPhase section */

/* Begin PBXSourcesBuildPhase section */
		D5AFEAE11D9164F900A39B62 /* Sources */ = {
			isa = PBXSourcesBuildPhase;
			buildActionMask = 2147483647;
			files = (
				D5AFEAEB1D9164F900A39B62 /* ViewController.swift in Sources */,
				D5AFEAE91D9164F900A39B62 /* AppDelegate.swift in Sources */,
			);
			runOnlyForDeploymentPostprocessing = 0;
		};
/* End PBXSourcesBuildPhase section */

/* Begin PBXVariantGroup section */
		D5AFEAEC1D9164F900A39B62 /* Main.storyboard */ = {
			isa = PBXVariantGroup;
			children = (
				D5AFEAED1D9164F900A39B62 /* Base */,
			);
			name = Main.storyboard;
			sourceTree = "<group>";
		};
		D5AFEAF11D9164F900A39B62 /* LaunchScreen.storyboard */ = {
			isa = PBXVariantGroup;
			children = (
				D5AFEAF21D9164F900A39B62 /* Base */,
			);
			name = LaunchScreen.storyboard;
			sourceTree = "<group>";
		};
/* End PBXVariantGroup section */

/* Begin XCBuildConfiguration section */
		D5AFEAF51D9164F900A39B62 /* Debug */ = {
			isa = XCBuildConfiguration;
			buildSettings = {
				ALWAYS_SEARCH_USER_PATHS = NO;
				CLANG_ANALYZER_NONNULL = YES;
				CLANG_CXX_LANGUAGE_STANDARD = "gnu++0x";
				CLANG_CXX_LIBRARY = "libc++";
				CLANG_ENABLE_MODULES = YES;
				CLANG_ENABLE_OBJC_ARC = YES;
				CLANG_WARN_BOOL_CONVERSION = YES;
				CLANG_WARN_CONSTANT_CONVERSION = YES;
				CLANG_WARN_DIRECT_OBJC_ISA_USAGE = YES_ERROR;
				CLANG_WARN_EMPTY_BODY = YES;
				CLANG_WARN_ENUM_CONVERSION = YES;
				CLANG_WARN_INT_CONVERSION = YES;
				CLANG_WARN_OBJC_ROOT_CLASS = YES_ERROR;
				CLANG_WARN_UNREACHABLE_CODE = YES;
				CLANG_WARN__DUPLICATE_METHOD_MATCH = YES;
				"CODE_SIGN_IDENTITY[sdk=iphoneos*]" = "iPhone Developer";
				COPY_PHASE_STRIP = NO;
				DEBUG_INFORMATION_FORMAT = dwarf;
				ENABLE_STRICT_OBJC_MSGSEND = YES;
				ENABLE_TESTABILITY = YES;
				GCC_C_LANGUAGE_STANDARD = gnu99;
				GCC_DYNAMIC_NO_PIC = NO;
				GCC_NO_COMMON_BLOCKS = YES;
				GCC_OPTIMIZATION_LEVEL = 0;
				GCC_PREPROCESSOR_DEFINITIONS = (
					"DEBUG=1",
					"$(inherited)",
				);
				GCC_WARN_64_TO_32_BIT_CONVERSION = YES;
				GCC_WARN_ABOUT_RETURN_TYPE = YES_ERROR;
				GCC_WARN_UNDECLARED_SELECTOR = YES;
				GCC_WARN_UNINITIALIZED_AUTOS = YES_AGGRESSIVE;
				GCC_WARN_UNUSED_FUNCTION = YES;
				GCC_WARN_UNUSED_VARIABLE = YES;
				IPHONEOS_DEPLOYMENT_TARGET = 9.3;
				MTL_ENABLE_DEBUG_INFO = YES;
				ONLY_ACTIVE_ARCH = YES;
				SDKROOT = iphoneos;
				SWIFT_OPTIMIZATION_LEVEL = "-Onone";
			};
			name = Debug;
		};
		D5AFEAF61D9164F900A39B62 /* Release */ = {
			isa = XCBuildConfiguration;
			buildSettings = {
				ALWAYS_SEARCH_USER_PATHS = NO;
				CLANG_ANALYZER_NONNULL = YES;
				CLANG_CXX_LANGUAGE_STANDARD = "gnu++0x";
				CLANG_CXX_LIBRARY = "libc++";
				CLANG_ENABLE_MODULES = YES;
				CLANG_ENABLE_OBJC_ARC = YES;
				CLANG_WARN_BOOL_CONVERSION = YES;
				CLANG_WARN_CONSTANT_CONVERSION = YES;
				CLANG_WARN_DIRECT_OBJC_ISA_USAGE = YES_ERROR;
				CLANG_WARN_EMPTY_BODY = YES;
				CLANG_WARN_ENUM_CONVERSION = YES;
				CLANG_WARN_INT_CONVERSION = YES;
				CLANG_WARN_OBJC_ROOT_CLASS = YES_ERROR;
				CLANG_WARN_UNREACHABLE_CODE = YES;
				CLANG_WARN__DUPLICATE_METHOD_MATCH = YES;
				"CODE_SIGN_IDENTITY[sdk=iphoneos*]" = "iPhone Developer";
				COPY_PHASE_STRIP = NO;
				DEBUG_INFORMATION_FORMAT = "dwarf-with-dsym";
				ENABLE_NS_ASSERTIONS = NO;
				ENABLE_STRICT_OBJC_MSGSEND = YES;
				GCC_C_LANGUAGE_STANDARD = gnu99;
				GCC_NO_COMMON_BLOCKS = YES;
				GCC_WARN_64_TO_32_BIT_CONVERSION = YES;
				GCC_WARN_ABOUT_RETURN_TYPE = YES_ERROR;
				GCC_WARN_UNDECLARED_SELECTOR = YES;
				GCC_WARN_UNINITIALIZED_AUTOS = YES_AGGRESSIVE;
				GCC_WARN_UNUSED_FUNCTION = YES;
				GCC_WARN_UNUSED_VARIABLE = YES;
				IPHONEOS_DEPLOYMENT_TARGET = 9.3;
				MTL_ENABLE_DEBUG_INFO = NO;
				SDKROOT = iphoneos;
				VALIDATE_PRODUCT = YES;
			};
			name = Release;
		};
		D5AFEAF81D9164F900A39B62 /* Debug */ = {
			isa = XCBuildConfiguration;
			buildSettings = {
				ASSETCATALOG_COMPILER_APPICON_NAME = AppIcon;
				INFOPLIST_FILE = pokedex/Info.plist;
				LD_RUNPATH_SEARCH_PATHS = "$(inherited) @executable_path/Frameworks";
				PRODUCT_BUNDLE_IDENTIFIER = com.SergiuApps.pokedex;
				PRODUCT_NAME = "$(TARGET_NAME)";
			};
			name = Debug;
		};
		D5AFEAF91D9164F900A39B62 /* Release */ = {
			isa = XCBuildConfiguration;
			buildSettings = {
				ASSETCATALOG_COMPILER_APPICON_NAME = AppIcon;
				INFOPLIST_FILE = pokedex/Info.plist;
				LD_RUNPATH_SEARCH_PATHS = "$(inherited) @executable_path/Frameworks";
				PRODUCT_BUNDLE_IDENTIFIER = com.SergiuApps.pokedex;
				PRODUCT_NAME = "$(TARGET_NAME)";
			};
			name = Release;
		};
/* End XCBuildConfiguration section */

/* Begin XCConfigurationList section */
		D5AFEAE01D9164F900A39B62 /* Build configuration list for PBXProject "pokedex" */ = {
			isa = XCConfigurationList;
			buildConfigurations = (
				D5AFEAF51D9164F900A39B62 /* Debug */,
				D5AFEAF61D9164F900A39B62 /* Release */,
			);
			defaultConfigurationIsVisible = 0;
			defaultConfigurationName = Release;
		};
		D5AFEAF71D9164F900A39B62 /* Build configuration list for PBXNativeTarget "pokedex" */ = {
			isa = XCConfigurationList;
			buildConfigurations = (
				D5AFEAF81D9164F900A39B62 /* Debug */,
				D5AFEAF91D9164F900A39B62 /* Release */,
			);
			defaultConfigurationIsVisible = 0;
		};
/* End XCConfigurationList section */
	};
	rootObject = D5AFEADD1D9164F900A39B62 /* Project object */;
}
